
Microsoft Visual Studio Solution File, Format Version 12.00
# Visual Studio Version 16
VisualStudioVersion = 16.0.29306.81
MinimumVisualStudioVersion = 10.0.40219.1
Project("{FAE04EC0-301F-11D3-BF4B-00C04F79EFBC}") = "UnitTestProject1", "UnitTestProject1\UnitTestProject1.csproj", "{BF32B2BF-C163-4F41-BCF2-DD09CFC8DD5D}"
EndProject
Global
	GlobalSection(SolutionConfigurationPlatforms) = preSolution
		Debug|Any CPU = Debug|Any CPU
		Release|Any CPU = Release|Any CPU
	EndGlobalSection
	GlobalSection(ProjectConfigurationPlatforms) = postSolution
		{BF32B2BF-C163-4F41-BCF2-DD09CFC8DD5D}.Debug|Any CPU.ActiveCfg = Debug|Any CPU
		{BF32B2BF-C163-4F41-BCF2-DD09CFC8DD5D}.Debug|Any CPU.Build.0 = Debug|Any CPU
		{BF32B2BF-C163-4F41-BCF2-DD09CFC8DD5D}.Release|Any CPU.ActiveCfg = Release|Any CPU
		{BF32B2BF-C163-4F41-BCF2-DD09CFC8DD5D}.Release|Any CPU.Build.0 = Release|Any CPU
	EndGlobalSection
	GlobalSection(SolutionProperties) = preSolution
		HideSolutionNode = FALSE
	EndGlobalSection
	GlobalSection(ExtensibilityGlobals) = postSolution
		SolutionGuid = {672456D6-F30E-4E4B-B7DD-015790863E6E}
	EndGlobalSection
EndGlobal
